
Microsoft Visual Studio Solution File, Format Version 12.00
# Visual Studio Version 17
VisualStudioVersion = 17.7.34031.279
MinimumVisualStudioVersion = 10.0.40219.1
Project("{FAE04EC0-301F-11D3-BF4B-00C04F79EFBC}") = "GA_MultiThreading_AdvCS", "GA_MultiThreading_AdvCS.csproj", "{DD249299-6BCB-4BF0-9C44-DA2D3E5727E4}"
EndProject
Global
	GlobalSection(SolutionConfigurationPlatforms) = preSolution
		Debug|Any CPU = Debug|Any CPU
		Release|Any CPU = Release|Any CPU
	EndGlobalSection
	GlobalSection(ProjectConfigurationPlatforms) = postSolution
		{DD249299-6BCB-4BF0-9C44-DA2D3E5727E4}.Debug|Any CPU.ActiveCfg = Debug|Any CPU
		{DD249299-6BCB-4BF0-9C44-DA2D3E5727E4}.Debug|Any CPU.Build.0 = Debug|Any CPU
		{DD249299-6BCB-4BF0-9C44-DA2D3E5727E4}.Release|Any CPU.ActiveCfg = Release|Any CPU
		{DD249299-6BCB-4BF0-9C44-DA2D3E5727E4}.Release|Any CPU.Build.0 = Release|Any CPU
	EndGlobalSection
	GlobalSection(SolutionProperties) = preSolution
		HideSolutionNode = FALSE
	EndGlobalSection
	GlobalSection(ExtensibilityGlobals) = postSolution
		SolutionGuid = {7E9FCE23-A8C4-49E7-BD5C-42409B27E12C}
	EndGlobalSection
EndGlobal
